
Microsoft Visual Studio Solution File, Format Version 12.00
# Visual Studio Version 17
VisualStudioVersion = 17.6.33815.320
MinimumVisualStudioVersion = 10.0.40219.1
Project("{FAE04EC0-301F-11D3-BF4B-00C04F79EFBC}") = "GiaoDien01", "GiaoDien01\GiaoDien01.csproj", "{4319BAED-F1E0-4B9D-BB81-32DE56E86818}"
EndProject
Global
	GlobalSection(SolutionConfigurationPlatforms) = preSolution
		Debug|Any CPU = Debug|Any CPU
		Release|Any CPU = Release|Any CPU
	EndGlobalSection
	GlobalSection(ProjectConfigurationPlatforms) = postSolution
		{4319BAED-F1E0-4B9D-BB81-32DE56E86818}.Debug|Any CPU.ActiveCfg = Debug|Any CPU
		{4319BAED-F1E0-4B9D-BB81-32DE56E86818}.Debug|Any CPU.Build.0 = Debug|Any CPU
		{4319BAED-F1E0-4B9D-BB81-32DE56E86818}.Release|Any CPU.ActiveCfg = Release|Any CPU
		{4319BAED-F1E0-4B9D-BB81-32DE56E86818}.Release|Any CPU.Build.0 = Release|Any CPU
	EndGlobalSection
	GlobalSection(SolutionProperties) = preSolution
		HideSolutionNode = FALSE
	EndGlobalSection
	GlobalSection(ExtensibilityGlobals) = postSolution
		SolutionGuid = {4EF865C1-8839-4C3E-BAA7-CB01912FEC27}
	EndGlobalSection
EndGlobal
